{
  "name": "louisfnz.board-scroller",
  "version": "1.0.0",
  "lockfileVersion": 2,
  "requires": true,
  "packages": {
    "": {
      "name": "louisfnz.board-scroller",
      "version": "1.0.0",
      "license": "MIT",
      "dependencies": {
        "draggabilly": "^3.0.0",
        "lodash.debounce": "^4.0.8"
      },
      "devDependencies": {
        "@types/draggabilly": "^2.1.3",
        "@types/lodash.debounce": "^4.0.7",
        "prettier": "^2.6.2"
      }
    },
    "node_modules/@types/draggabilly": {
      "version": "2.1.3",
      "resolved": "https://registry.npmjs.org/@types/draggabilly/-/draggabilly-2.1.3.tgz",
      "integrity": "sha512-cMscIZh3/Re/4APHOuod1PwfGeKXW5LID4VFD/By8lWNWR1s+zqRaXT5WDShDX3zKJHF33iabKgzCTAfgGcm5g==",
      "dev": true
    },
    "node_modules/@types/lodash": {
      "version": "4.14.182",
      "resolved": "https://registry.npmjs.org/@types/lodash/-/lodash-4.14.182.tgz",
      "integrity": "sha512-/THyiqyQAP9AfARo4pF+aCGcyiQ94tX/Is2I7HofNRqoYLgN1PBoOWu2/zTA5zMxzP5EFutMtWtGAFRKUe961Q==",
      "dev": true
    },
    "node_modules/@types/lodash.debounce": {
      "version": "4.0.7",
      "resolved": "https://registry.npmjs.org/@types/lodash.debounce/-/lodash.debounce-4.0.7.tgz",
      "integrity": "sha512-X1T4wMZ+gT000M2/91SYj0d/7JfeNZ9PeeOldSNoE/lunLeQXKvkmIumI29IaKMotU/ln/McOIvgzZcQ/3TrSA==",
      "dev": true,
      "dependencies": {
        "@types/lodash": "*"
      }
    },
    "node_modules/draggabilly": {
      "version": "3.0.0",
      "resolved": "https://registry.npmjs.org/draggabilly/-/draggabilly-3.0.0.tgz",
      "integrity": "sha512-aEs+B6prbMZQMxc9lgTpCBfyCUhRur/VFucHhIOvlvvdARTj7TcDmX/cdOUtqbjJJUh7+agyJXR5Z6IFe1MxwQ==",
      "dependencies": {
        "get-size": "^3.0.0",
        "unidragger": "^3.0.0"
      }
    },
    "node_modules/ev-emitter": {
      "version": "2.1.2",
      "resolved": "https://registry.npmjs.org/ev-emitter/-/ev-emitter-2.1.2.tgz",
      "integrity": "sha512-jQ5Ql18hdCQ4qS+RCrbLfz1n+Pags27q5TwMKvZyhp5hh2UULUYZUy1keqj6k6SYsdqIYjnmz7xyyEY0V67B8Q=="
    },
    "node_modules/get-size": {
      "version": "3.0.0",
      "resolved": "https://registry.npmjs.org/get-size/-/get-size-3.0.0.tgz",
      "integrity": "sha512-Y8aiXLq4leR7807UY0yuKEwif5s3kbVp1nTv+i4jBeoUzByTLKkLWu/HorS6/pB+7gsB0o7OTogC8AoOOeT0Hw=="
    },
    "node_modules/lodash.debounce": {
      "version": "4.0.8",
      "resolved": "https://registry.npmjs.org/lodash.debounce/-/lodash.debounce-4.0.8.tgz",
      "integrity": "sha1-gteb/zCmfEAF/9XiUVMArZyk168="
    },
    "node_modules/prettier": {
      "version": "2.6.2",
      "resolved": "https://registry.npmjs.org/prettier/-/prettier-2.6.2.tgz",
      "integrity": "sha512-PkUpF+qoXTqhOeWL9fu7As8LXsIUZ1WYaJiY/a7McAQzxjk82OF0tibkFXVCDImZtWxbvojFjerkiLb0/q8mew==",
      "dev": true,
      "bin": {
        "prettier": "bin-prettier.js"
      },
      "engines": {
        "node": ">=10.13.0"
      },
      "funding": {
        "url": "https://github.com/prettier/prettier?sponsor=1"
      }
    },
    "node_modules/unidragger": {
      "version": "3.0.1",
      "resolved": "https://registry.npmjs.org/unidragger/-/unidragger-3.0.1.tgz",
      "integrity": "sha512-RngbGSwBFmqGBWjkaH+yB677uzR95blSQyxq6hYbrQCejH3Mx1nm8DVOuh3M9k2fQyTstWUG5qlgCnNqV/9jVw==",
      "dependencies": {
        "ev-emitter": "^2.0.0"
      }
    }
  },
  "dependencies": {
    "@types/draggabilly": {
      "version": "2.1.3",
      "resolved": "https://registry.npmjs.org/@types/draggabilly/-/draggabilly-2.1.3.tgz",
      "integrity": "sha512-cMscIZh3/Re/4APHOuod1PwfGeKXW5LID4VFD/By8lWNWR1s+zqRaXT5WDShDX3zKJHF33iabKgzCTAfgGcm5g==",
      "dev": true
    },
    "@types/lodash": {
      "version": "4.14.182",
      "resolved": "https://registry.npmjs.org/@types/lodash/-/lodash-4.14.182.tgz",
      "integrity": "sha512-/THyiqyQAP9AfARo4pF+aCGcyiQ94tX/Is2I7HofNRqoYLgN1PBoOWu2/zTA5zMxzP5EFutMtWtGAFRKUe961Q==",
      "dev": true
    },
    "@types/lodash.debounce": {
      "version": "4.0.7",
      "resolved": "https://registry.npmjs.org/@types/lodash.debounce/-/lodash.debounce-4.0.7.tgz",
      "integrity": "sha512-X1T4wMZ+gT000M2/91SYj0d/7JfeNZ9PeeOldSNoE/lunLeQXKvkmIumI29IaKMotU/ln/McOIvgzZcQ/3TrSA==",
      "dev": true,
      "requires": {
        "@types/lodash": "*"
      }
    },
    "draggabilly": {
      "version": "3.0.0",
      "resolved": "https://registry.npmjs.org/draggabilly/-/draggabilly-3.0.0.tgz",
      "integrity": "sha512-aEs+B6prbMZQMxc9lgTpCBfyCUhRur/VFucHhIOvlvvdARTj7TcDmX/cdOUtqbjJJUh7+agyJXR5Z6IFe1MxwQ==",
      "requires": {
        "get-size": "^3.0.0",
        "unidragger": "^3.0.0"
      }
    },
    "ev-emitter": {
      "version": "2.1.2",
      "resolved": "https://registry.npmjs.org/ev-emitter/-/ev-emitter-2.1.2.tgz",
      "integrity": "sha512-jQ5Ql18hdCQ4qS+RCrbLfz1n+Pags27q5TwMKvZyhp5hh2UULUYZUy1keqj6k6SYsdqIYjnmz7xyyEY0V67B8Q=="
    },
    "get-size": {
      "version": "3.0.0",
      "resolved": "https://registry.npmjs.org/get-size/-/get-size-3.0.0.tgz",
      "integrity": "sha512-Y8aiXLq4leR7807UY0yuKEwif5s3kbVp1nTv+i4jBeoUzByTLKkLWu/HorS6/pB+7gsB0o7OTogC8AoOOeT0Hw=="
    },
    "lodash.debounce": {
      "version": "4.0.8",
      "resolved": "https://registry.npmjs.org/lodash.debounce/-/lodash.debounce-4.0.8.tgz",
      "integrity": "sha1-gteb/zCmfEAF/9XiUVMArZyk168="
    },
    "prettier": {
      "version": "2.6.2",
      "resolved": "https://registry.npmjs.org/prettier/-/prettier-2.6.2.tgz",
      "integrity": "sha512-PkUpF+qoXTqhOeWL9fu7As8LXsIUZ1WYaJiY/a7McAQzxjk82OF0tibkFXVCDImZtWxbvojFjerkiLb0/q8mew==",
      "dev": true
    },
    "unidragger": {
      "version": "3.0.1",
      "resolved": "https://registry.npmjs.org/unidragger/-/unidragger-3.0.1.tgz",
      "integrity": "sha512-RngbGSwBFmqGBWjkaH+yB677uzR95blSQyxq6hYbrQCejH3Mx1nm8DVOuh3M9k2fQyTstWUG5qlgCnNqV/9jVw==",
      "requires": {
        "ev-emitter": "^2.0.0"
      }
    }
  }
}
